// !$*UTF8*$!
{
	archiveVersion = 1;
	classes = {
	};
	objectVersion = 46;
	objects = {

/* Begin PBXBuildFile section */
		7B1822A81E247B6400FDF3E3 /* AppDelegate.swift in Sources */ = {isa = PBXBuildFile; fileRef = 7B1822A71E247B6400FDF3E3 /* AppDelegate.swift */; };
		7B1822AA1E247B6400FDF3E3 /* MainVC.swift in Sources */ = {isa = PBXBuildFile; fileRef = 7B1822A91E247B6400FDF3E3 /* MainVC.swift */; };
		7B1822AD1E247B6400FDF3E3 /* Main.storyboard in Resources */ = {isa = PBXBuildFile; fileRef = 7B1822AB1E247B6400FDF3E3 /* Main.storyboard */; };
		7B1822AF1E247B6400FDF3E3 /* Assets.xcassets in Resources */ = {isa = PBXBuildFile; fileRef = 7B1822AE1E247B6400FDF3E3 /* Assets.xcassets */; };
		7B1822B21E247B6400FDF3E3 /* LaunchScreen.storyboard in Resources */ = {isa = PBXBuildFile; fileRef = 7B1822B01E247B6400FDF3E3 /* LaunchScreen.storyboard */; };
		7B1822BA1E247D7C00FDF3E3 /* PlaceCell.swift in Sources */ = {isa = PBXBuildFile; fileRef = 7B1822B91E247D7C00FDF3E3 /* PlaceCell.swift */; };
		7B1822BE1E247E1700FDF3E3 /* ReviewVC.swift in Sources */ = {isa = PBXBuildFile; fileRef = 7B1822BB1E247E1700FDF3E3 /* ReviewVC.swift */; };
		7B1822BF1E247E1700FDF3E3 /* PlaceDetailCell.swift in Sources */ = {isa = PBXBuildFile; fileRef = 7B1822BC1E247E1700FDF3E3 /* PlaceDetailCell.swift */; };
		7B1822C01E247E1700FDF3E3 /* DetailVC.swift in Sources */ = {isa = PBXBuildFile; fileRef = 7B1822BD1E247E1700FDF3E3 /* DetailVC.swift */; };
		7B1822C21E247E5A00FDF3E3 /* Place.swift in Sources */ = {isa = PBXBuildFile; fileRef = 7B1822C11E247E5A00FDF3E3 /* Place.swift */; };
		7B1822C81E25A92E00FDF3E3 /* MapKit.framework in Frameworks */ = {isa = PBXBuildFile; fileRef = 7B1822C71E25A92E00FDF3E3 /* MapKit.framework */; };
		7B1822CA1E25AA4000FDF3E3 /* MapVC.swift in Sources */ = {isa = PBXBuildFile; fileRef = 7B1822C91E25AA4000FDF3E3 /* MapVC.swift */; };
		7B1822CC1E25C0C100FDF3E3 /* AddPlaceVC.swift in Sources */ = {isa = PBXBuildFile; fileRef = 7B1822CB1E25C0C100FDF3E3 /* AddPlaceVC.swift */; };
		7B374DA41E2954AD00632B9B /* TutorialVC.swift in Sources */ = {isa = PBXBuildFile; fileRef = 7B374DA31E2954AD00632B9B /* TutorialVC.swift */; };
		7B374DA61E29554C00632B9B /* TutorialStep.swift in Sources */ = {isa = PBXBuildFile; fileRef = 7B374DA51E29554C00632B9B /* TutorialStep.swift */; };
		7B374DA81E29571A00632B9B /* TutorialPageVC.swift in Sources */ = {isa = PBXBuildFile; fileRef = 7B374DA71E29571A00632B9B /* TutorialPageVC.swift */; };
		7B374DAD1E29785B00632B9B /* Discover.storyboard in Resources */ = {isa = PBXBuildFile; fileRef = 7B374DAC1E29785B00632B9B /* Discover.storyboard */; };
		7B374DB01E2978CD00632B9B /* Profile.storyboard in Resources */ = {isa = PBXBuildFile; fileRef = 7B374DAE1E2978CD00632B9B /* Profile.storyboard */; };
		7B374DB21E29797B00632B9B /* Tutorial.storyboard in Resources */ = {isa = PBXBuildFile; fileRef = 7B374DB11E29797B00632B9B /* Tutorial.storyboard */; };
		7B374DB41E297CC600632B9B /* ProfileVC.swift in Sources */ = {isa = PBXBuildFile; fileRef = 7B374DB31E297CC600632B9B /* ProfileVC.swift */; };
		7B374DB61E298A0A00632B9B /* WebViewVC.swift in Sources */ = {isa = PBXBuildFile; fileRef = 7B374DB51E298A0A00632B9B /* WebViewVC.swift */; };
		7B7829731E26E5D200BC253F /* Place.xcdatamodeld in Sources */ = {isa = PBXBuildFile; fileRef = 7B7829711E26E5D100BC253F /* Place.xcdatamodeld */; };
/* End PBXBuildFile section */

/* Begin PBXFileReference section */
		7B1822A41E247B6400FDF3E3 /* Places.app */ = {isa = PBXFileReference; explicitFileType = wrapper.application; includeInIndex = 0; path = Places.app; sourceTree = BUILT_PRODUCTS_DIR; };
		7B1822A71E247B6400FDF3E3 /* AppDelegate.swift */ = {isa = PBXFileReference; lastKnownFileType = sourcecode.swift; path = AppDelegate.swift; sourceTree = "<group>"; };
		7B1822A91E247B6400FDF3E3 /* MainVC.swift */ = {isa = PBXFileReference; lastKnownFileType = sourcecode.swift; path = MainVC.swift; sourceTree = "<group>"; };
		7B1822AC1E247B6400FDF3E3 /* Base */ = {isa = PBXFileReference; lastKnownFileType = file.storyboard; name = Base; path = Base.lproj/Main.storyboard; sourceTree = "<group>"; };
		7B1822AE1E247B6400FDF3E3 /* Assets.xcassets */ = {isa = PBXFileReference; lastKnownFileType = folder.assetcatalog; path = Assets.xcassets; sourceTree = "<group>"; };
		7B1822B11E247B6400FDF3E3 /* Base */ = {isa = PBXFileReference; lastKnownFileType = file.storyboard; name = Base; path = Base.lproj/LaunchScreen.storyboard; sourceTree = "<group>"; };
		7B1822B31E247B6400FDF3E3 /* Info.plist */ = {isa = PBXFileReference; lastKnownFileType = text.plist.xml; path = Info.plist; sourceTree = "<group>"; };
		7B1822B91E247D7C00FDF3E3 /* PlaceCell.swift */ = {isa = PBXFileReference; fileEncoding = 4; lastKnownFileType = sourcecode.swift; path = PlaceCell.swift; sourceTree = "<group>"; };
		7B1822BB1E247E1700FDF3E3 /* ReviewVC.swift */ = {isa = PBXFileReference; fileEncoding = 4; lastKnownFileType = sourcecode.swift; path = ReviewVC.swift; sourceTree = "<group>"; };
		7B1822BC1E247E1700FDF3E3 /* PlaceDetailCell.swift */ = {isa = PBXFileReference; fileEncoding = 4; lastKnownFileType = sourcecode.swift; path = PlaceDetailCell.swift; sourceTree = "<group>"; };
		7B1822BD1E247E1700FDF3E3 /* DetailVC.swift */ = {isa = PBXFileReference; fileEncoding = 4; lastKnownFileType = sourcecode.swift; path = DetailVC.swift; sourceTree = "<group>"; };
		7B1822C11E247E5A00FDF3E3 /* Place.swift */ = {isa = PBXFileReference; fileEncoding = 4; lastKnownFileType = sourcecode.swift; path = Place.swift; sourceTree = "<group>"; };
		7B1822C71E25A92E00FDF3E3 /* MapKit.framework */ = {isa = PBXFileReference; lastKnownFileType = wrapper.framework; name = MapKit.framework; path = System/Library/Frameworks/MapKit.framework; sourceTree = SDKROOT; };
		7B1822C91E25AA4000FDF3E3 /* MapVC.swift */ = {isa = PBXFileReference; fileEncoding = 4; lastKnownFileType = sourcecode.swift; path = MapVC.swift; sourceTree = "<group>"; };
		7B1822CB1E25C0C100FDF3E3 /* AddPlaceVC.swift */ = {isa = PBXFileReference; fileEncoding = 4; lastKnownFileType = sourcecode.swift; path = AddPlaceVC.swift; sourceTree = "<group>"; };
		7B374DA31E2954AD00632B9B /* TutorialVC.swift */ = {isa = PBXFileReference; fileEncoding = 4; lastKnownFileType = sourcecode.swift; path = TutorialVC.swift; sourceTree = "<group>"; };
		7B374DA51E29554C00632B9B /* TutorialStep.swift */ = {isa = PBXFileReference; fileEncoding = 4; lastKnownFileType = sourcecode.swift; path = TutorialStep.swift; sourceTree = "<group>"; };
		7B374DA71E29571A00632B9B /* TutorialPageVC.swift */ = {isa = PBXFileReference; fileEncoding = 4; lastKnownFileType = sourcecode.swift; path = TutorialPageVC.swift; sourceTree = "<group>"; };
		7B374DAC1E29785B00632B9B /* Discover.storyboard */ = {isa = PBXFileReference; fileEncoding = 4; lastKnownFileType = file.storyboard; path = Discover.storyboard; sourceTree = "<group>"; };
		7B374DAF1E2978CD00632B9B /* Base */ = {isa = PBXFileReference; lastKnownFileType = file.storyboard; name = Base; path = Base.lproj/Profile.storyboard; sourceTree = "<group>"; };
		7B374DB11E29797B00632B9B /* Tutorial.storyboard */ = {isa = PBXFileReference; fileEncoding = 4; lastKnownFileType = file.storyboard; path = Tutorial.storyboard; sourceTree = "<group>"; };
		7B374DB31E297CC600632B9B /* ProfileVC.swift */ = {isa = PBXFileReference; fileEncoding = 4; lastKnownFileType = sourcecode.swift; path = ProfileVC.swift; sourceTree = "<group>"; };
		7B374DB51E298A0A00632B9B /* WebViewVC.swift */ = {isa = PBXFileReference; fileEncoding = 4; lastKnownFileType = sourcecode.swift; path = WebViewVC.swift; sourceTree = "<group>"; };
		7B7829721E26E5D200BC253F /* Place.xcdatamodel */ = {isa = PBXFileReference; lastKnownFileType = wrapper.xcdatamodel; path = Place.xcdatamodel; sourceTree = "<group>"; };
/* End PBXFileReference section */

/* Begin PBXFrameworksBuildPhase section */
		7B1822A11E247B6400FDF3E3 /* Frameworks */ = {
			isa = PBXFrameworksBuildPhase;
			buildActionMask = 2147483647;
			files = (
				7B1822C81E25A92E00FDF3E3 /* MapKit.framework in Frameworks */,
			);
			runOnlyForDeploymentPostprocessing = 0;
		};
/* End PBXFrameworksBuildPhase section */

/* Begin PBXGroup section */
		7B18229B1E247B6400FDF3E3 = {
			isa = PBXGroup;
			children = (
				7B1822A61E247B6400FDF3E3 /* Places */,
				7B1822A51E247B6400FDF3E3 /* Products */,
				7B1822C61E25A92E00FDF3E3 /* Frameworks */,
			);
			sourceTree = "<group>";
		};
		7B1822A51E247B6400FDF3E3 /* Products */ = {
			isa = PBXGroup;
			children = (
				7B1822A41E247B6400FDF3E3 /* Places.app */,
			);
			name = Products;
			sourceTree = "<group>";
		};
		7B1822A61E247B6400FDF3E3 /* Places */ = {
			isa = PBXGroup;
			children = (
				7B1822A71E247B6400FDF3E3 /* AppDelegate.swift */,
				7B7829711E26E5D100BC253F /* Place.xcdatamodeld */,
				7B1822C31E24848100FDF3E3 /* Model */,
				7B1822C41E24848B00FDF3E3 /* View */,
				7B1822C51E2484B300FDF3E3 /* Controller */,
				7B1822AB1E247B6400FDF3E3 /* Main.storyboard */,
				7B374DB11E29797B00632B9B /* Tutorial.storyboard */,
				7B374DAE1E2978CD00632B9B /* Profile.storyboard */,
				7B374DAC1E29785B00632B9B /* Discover.storyboard */,
				7B1822AE1E247B6400FDF3E3 /* Assets.xcassets */,
				7B1822B01E247B6400FDF3E3 /* LaunchScreen.storyboard */,
				7B1822B31E247B6400FDF3E3 /* Info.plist */,
			);
			path = Places;
			sourceTree = "<group>";
		};
		7B1822C31E24848100FDF3E3 /* Model */ = {
			isa = PBXGroup;
			children = (
				7B374DA51E29554C00632B9B /* TutorialStep.swift */,
				7B1822C11E247E5A00FDF3E3 /* Place.swift */,
			);
			name = Model;
			sourceTree = "<group>";
		};
		7B1822C41E24848B00FDF3E3 /* View */ = {
			isa = PBXGroup;
			children = (
				7B1822B91E247D7C00FDF3E3 /* PlaceCell.swift */,
				7B1822BC1E247E1700FDF3E3 /* PlaceDetailCell.swift */,
			);
			name = View;
			sourceTree = "<group>";
		};
		7B1822C51E2484B300FDF3E3 /* Controller */ = {
			isa = PBXGroup;
			children = (
				7B374DB51E298A0A00632B9B /* WebViewVC.swift */,
				7B374DB31E297CC600632B9B /* ProfileVC.swift */,
				7B374DA71E29571A00632B9B /* TutorialPageVC.swift */,
				7B374DA31E2954AD00632B9B /* TutorialVC.swift */,
				7B1822C91E25AA4000FDF3E3 /* MapVC.swift */,
				7B1822A91E247B6400FDF3E3 /* MainVC.swift */,
				7B1822BD1E247E1700FDF3E3 /* DetailVC.swift */,
				7B1822BB1E247E1700FDF3E3 /* ReviewVC.swift */,
				7B1822CB1E25C0C100FDF3E3 /* AddPlaceVC.swift */,
			);
			name = Controller;
			sourceTree = "<group>";
		};
		7B1822C61E25A92E00FDF3E3 /* Frameworks */ = {
			isa = PBXGroup;
			children = (
				7B1822C71E25A92E00FDF3E3 /* MapKit.framework */,
			);
			name = Frameworks;
			sourceTree = "<group>";
		};
/* End PBXGroup section */

/* Begin PBXNativeTarget section */
		7B1822A31E247B6400FDF3E3 /* Places */ = {
			isa = PBXNativeTarget;
			buildConfigurationList = 7B1822B61E247B6400FDF3E3 /* Build configuration list for PBXNativeTarget "Places" */;
			buildPhases = (
				7B1822A01E247B6400FDF3E3 /* Sources */,
				7B1822A11E247B6400FDF3E3 /* Frameworks */,
				7B1822A21E247B6400FDF3E3 /* Resources */,
			);
			buildRules = (
			);
			dependencies = (
			);
			name = Places;
			productName = Places;
			productReference = 7B1822A41E247B6400FDF3E3 /* Places.app */;
			productType = "com.apple.product-type.application";
		};
/* End PBXNativeTarget section */

/* Begin PBXProject section */
		7B18229C1E247B6400FDF3E3 /* Project object */ = {
			isa = PBXProject;
			attributes = {
				LastSwiftUpdateCheck = 0810;
				LastUpgradeCheck = 0810;
				ORGANIZATIONNAME = "James Rochabrun";
				TargetAttributes = {
					7B1822A31E247B6400FDF3E3 = {
						CreatedOnToolsVersion = 8.1;
						DevelopmentTeam = ULU46F325W;
						ProvisioningStyle = Automatic;
						SystemCapabilities = {
							com.apple.Maps.iOS = {
								enabled = 1;
							};
						};
					};
				};
			};
			buildConfigurationList = 7B18229F1E247B6400FDF3E3 /* Build configuration list for PBXProject "Places" */;
			compatibilityVersion = "Xcode 3.2";
			developmentRegion = English;
			hasScannedForEncodings = 0;
			knownRegions = (
				en,
				Base,
			);
			mainGroup = 7B18229B1E247B6400FDF3E3;
			productRefGroup = 7B1822A51E247B6400FDF3E3 /* Products */;
			projectDirPath = "";
			projectRoot = "";
			targets = (
				7B1822A31E247B6400FDF3E3 /* Places */,
			);
		};
/* End PBXProject section */

/* Begin PBXResourcesBuildPhase section */
		7B1822A21E247B6400FDF3E3 /* Resources */ = {
			isa = PBXResourcesBuildPhase;
			buildActionMask = 2147483647;
			files = (
				7B1822B21E247B6400FDF3E3 /* LaunchScreen.storyboard in Resources */,
				7B1822AF1E247B6400FDF3E3 /* Assets.xcassets in Resources */,
				7B374DB01E2978CD00632B9B /* Profile.storyboard in Resources */,
				7B374DAD1E29785B00632B9B /* Discover.storyboard in Resources */,
				7B374DB21E29797B00632B9B /* Tutorial.storyboard in Resources */,
				7B1822AD1E247B6400FDF3E3 /* Main.storyboard in Resources */,
			);
			runOnlyForDeploymentPostprocessing = 0;
		};
/* End PBXResourcesBuildPhase section */

/* Begin PBXSourcesBuildPhase section */
		7B1822A01E247B6400FDF3E3 /* Sources */ = {
			isa = PBXSourcesBuildPhase;
			buildActionMask = 2147483647;
			files = (
				7B1822AA1E247B6400FDF3E3 /* MainVC.swift in Sources */,
				7B374DA61E29554C00632B9B /* TutorialStep.swift in Sources */,
				7B374DB41E297CC600632B9B /* ProfileVC.swift in Sources */,
				7B7829731E26E5D200BC253F /* Place.xcdatamodeld in Sources */,
				7B1822BF1E247E1700FDF3E3 /* PlaceDetailCell.swift in Sources */,
				7B1822BA1E247D7C00FDF3E3 /* PlaceCell.swift in Sources */,
				7B374DB61E298A0A00632B9B /* WebViewVC.swift in Sources */,
				7B1822CC1E25C0C100FDF3E3 /* AddPlaceVC.swift in Sources */,
				7B374DA81E29571A00632B9B /* TutorialPageVC.swift in Sources */,
				7B1822BE1E247E1700FDF3E3 /* ReviewVC.swift in Sources */,
				7B1822A81E247B6400FDF3E3 /* AppDelegate.swift in Sources */,
				7B1822CA1E25AA4000FDF3E3 /* MapVC.swift in Sources */,
				7B1822C21E247E5A00FDF3E3 /* Place.swift in Sources */,
				7B1822C01E247E1700FDF3E3 /* DetailVC.swift in Sources */,
				7B374DA41E2954AD00632B9B /* TutorialVC.swift in Sources */,
			);
			runOnlyForDeploymentPostprocessing = 0;
		};
/* End PBXSourcesBuildPhase section */

/* Begin PBXVariantGroup section */
		7B1822AB1E247B6400FDF3E3 /* Main.storyboard */ = {
			isa = PBXVariantGroup;
			children = (
				7B1822AC1E247B6400FDF3E3 /* Base */,
			);
			name = Main.storyboard;
			sourceTree = "<group>";
		};
		7B1822B01E247B6400FDF3E3 /* LaunchScreen.storyboard */ = {
			isa = PBXVariantGroup;
			children = (
				7B1822B11E247B6400FDF3E3 /* Base */,
			);
			name = LaunchScreen.storyboard;
			sourceTree = "<group>";
		};
		7B374DAE1E2978CD00632B9B /* Profile.storyboard */ = {
			isa = PBXVariantGroup;
			children = (
				7B374DAF1E2978CD00632B9B /* Base */,
			);
			name = Profile.storyboard;
			sourceTree = "<group>";
		};
/* End PBXVariantGroup section */

/* Begin XCBuildConfiguration section */
		7B1822B41E247B6400FDF3E3 /* Debug */ = {
			isa = XCBuildConfiguration;
			buildSettings = {
				ALWAYS_SEARCH_USER_PATHS = NO;
				CLANG_ANALYZER_NONNULL = YES;
				CLANG_CXX_LANGUAGE_STANDARD = "gnu++0x";
				CLANG_CXX_LIBRARY = "libc++";
				CLANG_ENABLE_MODULES = YES;
				CLANG_ENABLE_OBJC_ARC = YES;
				CLANG_WARN_BOOL_CONVERSION = YES;
				CLANG_WARN_CONSTANT_CONVERSION = YES;
				CLANG_WARN_DIRECT_OBJC_ISA_USAGE = YES_ERROR;
				CLANG_WARN_DOCUMENTATION_COMMENTS = YES;
				CLANG_WARN_EMPTY_BODY = YES;
				CLANG_WARN_ENUM_CONVERSION = YES;
				CLANG_WARN_INFINITE_RECURSION = YES;
				CLANG_WARN_INT_CONVERSION = YES;
				CLANG_WARN_OBJC_ROOT_CLASS = YES_ERROR;
				CLANG_WARN_SUSPICIOUS_MOVES = YES;
				CLANG_WARN_UNREACHABLE_CODE = YES;
				CLANG_WARN__DUPLICATE_METHOD_MATCH = YES;
				"CODE_SIGN_IDENTITY[sdk=iphoneos*]" = "iPhone Developer";
				COPY_PHASE_STRIP = NO;
				DEBUG_INFORMATION_FORMAT = dwarf;
				ENABLE_STRICT_OBJC_MSGSEND = YES;
				ENABLE_TESTABILITY = YES;
				GCC_C_LANGUAGE_STANDARD = gnu99;
				GCC_DYNAMIC_NO_PIC = NO;
				GCC_NO_COMMON_BLOCKS = YES;
				GCC_OPTIMIZATION_LEVEL = 0;
				GCC_PREPROCESSOR_DEFINITIONS = (
					"DEBUG=1",
					"$(inherited)",
				);
				GCC_WARN_64_TO_32_BIT_CONVERSION = YES;
				GCC_WARN_ABOUT_RETURN_TYPE = YES_ERROR;
				GCC_WARN_UNDECLARED_SELECTOR = YES;
				GCC_WARN_UNINITIALIZED_AUTOS = YES_AGGRESSIVE;
				GCC_WARN_UNUSED_FUNCTION = YES;
				GCC_WARN_UNUSED_VARIABLE = YES;
				IPHONEOS_DEPLOYMENT_TARGET = 10.1;
				MTL_ENABLE_DEBUG_INFO = YES;
				ONLY_ACTIVE_ARCH = YES;
				SDKROOT = iphoneos;
				SWIFT_ACTIVE_COMPILATION_CONDITIONS = DEBUG;
				SWIFT_OPTIMIZATION_LEVEL = "-Onone";
				TARGETED_DEVICE_FAMILY = "1,2";
			};
			name = Debug;
		};
		7B1822B51E247B6400FDF3E3 /* Release */ = {
			isa = XCBuildConfiguration;
			buildSettings = {
				ALWAYS_SEARCH_USER_PATHS = NO;
				CLANG_ANALYZER_NONNULL = YES;
				CLANG_CXX_LANGUAGE_STANDARD = "gnu++0x";
				CLANG_CXX_LIBRARY = "libc++";
				CLANG_ENABLE_MODULES = YES;
				CLANG_ENABLE_OBJC_ARC = YES;
				CLANG_WARN_BOOL_CONVERSION = YES;
				CLANG_WARN_CONSTANT_CONVERSION = YES;
				CLANG_WARN_DIRECT_OBJC_ISA_USAGE = YES_ERROR;
				CLANG_WARN_DOCUMENTATION_COMMENTS = YES;
				CLANG_WARN_EMPTY_BODY = YES;
				CLANG_WARN_ENUM_CONVERSION = YES;
				CLANG_WARN_INFINITE_RECURSION = YES;
				CLANG_WARN_INT_CONVERSION = YES;
				CLANG_WARN_OBJC_ROOT_CLASS = YES_ERROR;
				CLANG_WARN_SUSPICIOUS_MOVES = YES;
				CLANG_WARN_UNREACHABLE_CODE = YES;
				CLANG_WARN__DUPLICATE_METHOD_MATCH = YES;
				"CODE_SIGN_IDENTITY[sdk=iphoneos*]" = "iPhone Developer";
				COPY_PHASE_STRIP = NO;
				DEBUG_INFORMATION_FORMAT = "dwarf-with-dsym";
				ENABLE_NS_ASSERTIONS = NO;
				ENABLE_STRICT_OBJC_MSGSEND = YES;
				GCC_C_LANGUAGE_STANDARD = gnu99;
				GCC_NO_COMMON_BLOCKS = YES;
				GCC_WARN_64_TO_32_BIT_CONVERSION = YES;
				GCC_WARN_ABOUT_RETURN_TYPE = YES_ERROR;
				GCC_WARN_UNDECLARED_SELECTOR = YES;
				GCC_WARN_UNINITIALIZED_AUTOS = YES_AGGRESSIVE;
				GCC_WARN_UNUSED_FUNCTION = YES;
				GCC_WARN_UNUSED_VARIABLE = YES;
				IPHONEOS_DEPLOYMENT_TARGET = 10.1;
				MTL_ENABLE_DEBUG_INFO = NO;
				SDKROOT = iphoneos;
				SWIFT_OPTIMIZATION_LEVEL = "-Owholemodule";
				TARGETED_DEVICE_FAMILY = "1,2";
				VALIDATE_PRODUCT = YES;
			};
			name = Release;
		};
		7B1822B71E247B6400FDF3E3 /* Debug */ = {
			isa = XCBuildConfiguration;
			buildSettings = {
				ASSETCATALOG_COMPILER_APPICON_NAME = AppIcon;
				DEVELOPMENT_TEAM = ULU46F325W;
				INFOPLIST_FILE = Places/Info.plist;
				LD_RUNPATH_SEARCH_PATHS = "$(inherited) @executable_path/Frameworks";
				PRODUCT_BUNDLE_IDENTIFIER = com.speedelo.Places;
				PRODUCT_NAME = "$(TARGET_NAME)";
				SWIFT_VERSION = 3.0;
			};
			name = Debug;
		};
		7B1822B81E247B6400FDF3E3 /* Release */ = {
			isa = XCBuildConfiguration;
			buildSettings = {
				ASSETCATALOG_COMPILER_APPICON_NAME = AppIcon;
				DEVELOPMENT_TEAM = ULU46F325W;
				INFOPLIST_FILE = Places/Info.plist;
				LD_RUNPATH_SEARCH_PATHS = "$(inherited) @executable_path/Frameworks";
				PRODUCT_BUNDLE_IDENTIFIER = com.speedelo.Places;
				PRODUCT_NAME = "$(TARGET_NAME)";
				SWIFT_VERSION = 3.0;
			};
			name = Release;
		};
/* End XCBuildConfiguration section */

/* Begin XCConfigurationList section */
		7B18229F1E247B6400FDF3E3 /* Build configuration list for PBXProject "Places" */ = {
			isa = XCConfigurationList;
			buildConfigurations = (
				7B1822B41E247B6400FDF3E3 /* Debug */,
				7B1822B51E247B6400FDF3E3 /* Release */,
			);
			defaultConfigurationIsVisible = 0;
			defaultConfigurationName = Release;
		};
		7B1822B61E247B6400FDF3E3 /* Build configuration list for PBXNativeTarget "Places" */ = {
			isa = XCConfigurationList;
			buildConfigurations = (
				7B1822B71E247B6400FDF3E3 /* Debug */,
				7B1822B81E247B6400FDF3E3 /* Release */,
			);
			defaultConfigurationIsVisible = 0;
			defaultConfigurationName = Release;
		};
/* End XCConfigurationList section */

/* Begin XCVersionGroup section */
		7B7829711E26E5D100BC253F /* Place.xcdatamodeld */ = {
			isa = XCVersionGroup;
			children = (
				7B7829721E26E5D200BC253F /* Place.xcdatamodel */,
			);
			currentVersion = 7B7829721E26E5D200BC253F /* Place.xcdatamodel */;
			path = Place.xcdatamodeld;
			sourceTree = "<group>";
			versionGroupType = wrapper.xcdatamodel;
		};
/* End XCVersionGroup section */
	};
	rootObject = 7B18229C1E247B6400FDF3E3 /* Project object */;
}
